
Microsoft Visual Studio Solution File, Format Version 12.00
# Visual Studio Version 16
VisualStudioVersion = 16.0.30320.27
MinimumVisualStudioVersion = 10.0.40219.1
Project("{9A19103F-16F7-4668-BE54-9A1E7A4F7556}") = "WebApi", "WebApi.csproj", "{75643670-C425-47EA-ABEB-EA38F23BF981}"
EndProject
Project("{FAE04EC0-301F-11D3-BF4B-00C04F79EFBC}") = "WebApiTestNunitMoq", "..\WebApiTestNunitMoq\WebApiTestNunitMoq.csproj", "{D74440A2-C3BB-4109-8374-909DC58F9431}"
EndProject
Global
	GlobalSection(SolutionConfigurationPlatforms) = preSolution
		Debug|Any CPU = Debug|Any CPU
		Release|Any CPU = Release|Any CPU
	EndGlobalSection
	GlobalSection(ProjectConfigurationPlatforms) = postSolution
		{75643670-C425-47EA-ABEB-EA38F23BF981}.Debug|Any CPU.ActiveCfg = Debug|Any CPU
		{75643670-C425-47EA-ABEB-EA38F23BF981}.Debug|Any CPU.Build.0 = Debug|Any CPU
		{75643670-C425-47EA-ABEB-EA38F23BF981}.Release|Any CPU.ActiveCfg = Release|Any CPU
		{75643670-C425-47EA-ABEB-EA38F23BF981}.Release|Any CPU.Build.0 = Release|Any CPU
		{D74440A2-C3BB-4109-8374-909DC58F9431}.Debug|Any CPU.ActiveCfg = Debug|Any CPU
		{D74440A2-C3BB-4109-8374-909DC58F9431}.Debug|Any CPU.Build.0 = Debug|Any CPU
		{D74440A2-C3BB-4109-8374-909DC58F9431}.Release|Any CPU.ActiveCfg = Release|Any CPU
		{D74440A2-C3BB-4109-8374-909DC58F9431}.Release|Any CPU.Build.0 = Release|Any CPU
	EndGlobalSection
	GlobalSection(SolutionProperties) = preSolution
		HideSolutionNode = FALSE
	EndGlobalSection
	GlobalSection(ExtensibilityGlobals) = postSolution
		SolutionGuid = {C403AC4F-CFFE-42B3-9498-3B91DE24B4A7}
	EndGlobalSection
EndGlobal
